
Microsoft Visual Studio Solution File, Format Version 12.00
# Visual Studio Version 16
VisualStudioVersion = 16.0.810.17
MinimumVisualStudioVersion = 10.0.40219.1
Project("{FAE04EC0-301F-11D3-BF4B-00C04F79EFBC}") = "halogen", "halogen.csproj", "{71828BE0-5DD9-4A30-B00F-299B9E29CD30}"
EndProject
Global
	GlobalSection(SolutionConfigurationPlatforms) = preSolution
		Debug|Any CPU = Debug|Any CPU
		Release|Any CPU = Release|Any CPU
	EndGlobalSection
	GlobalSection(ProjectConfigurationPlatforms) = postSolution
		{71828BE0-5DD9-4A30-B00F-299B9E29CD30}.Debug|Any CPU.ActiveCfg = Debug|Any CPU
		{71828BE0-5DD9-4A30-B00F-299B9E29CD30}.Debug|Any CPU.Build.0 = Debug|Any CPU
		{71828BE0-5DD9-4A30-B00F-299B9E29CD30}.Release|Any CPU.ActiveCfg = Release|Any CPU
		{71828BE0-5DD9-4A30-B00F-299B9E29CD30}.Release|Any CPU.Build.0 = Release|Any CPU
	EndGlobalSection
	GlobalSection(SolutionProperties) = preSolution
		HideSolutionNode = FALSE
	EndGlobalSection
	GlobalSection(ExtensibilityGlobals) = postSolution
		SolutionGuid = {3C53D380-D885-4C71-8CF9-971A9D2EE13D}
	EndGlobalSection
EndGlobal
